
Microsoft Visual Studio Solution File, Format Version 12.00
# Visual Studio Version 16
VisualStudioVersion = 16.0.29613.14
MinimumVisualStudioVersion = 10.0.40219.1
Project("{FAE04EC0-301F-11D3-BF4B-00C04F79EFBC}") = "Lifeciclebug.Android", "Lifeciclebug\Lifeciclebug.Android\Lifeciclebug.Android.csproj", "{2F25FBCD-2F16-4B11-83F5-788657373786}"
EndProject
Project("{FAE04EC0-301F-11D3-BF4B-00C04F79EFBC}") = "Lifeciclebug.iOS", "Lifeciclebug\Lifeciclebug.iOS\Lifeciclebug.iOS.csproj", "{A3BF1DCB-51A1-4233-88B5-DFDAE1D8B1D9}"
EndProject
Project("{FAE04EC0-301F-11D3-BF4B-00C04F79EFBC}") = "Lifeciclebug", "Lifeciclebug\Lifeciclebug\Lifeciclebug.csproj", "{34F028BA-35DC-4874-8921-2F8A44B011CA}"
EndProject
Global
	GlobalSection(SolutionConfigurationPlatforms) = preSolution
		Debug|Any CPU = Debug|Any CPU
		Debug|iPhone = Debug|iPhone
		Debug|iPhoneSimulator = Debug|iPhoneSimulator
		Release|Any CPU = Release|Any CPU
		Release|iPhone = Release|iPhone
		Release|iPhoneSimulator = Release|iPhoneSimulator
	EndGlobalSection
	GlobalSection(ProjectConfigurationPlatforms) = postSolution
		{2F25FBCD-2F16-4B11-83F5-788657373786}.Debug|Any CPU.ActiveCfg = Debug|Any CPU
		{2F25FBCD-2F16-4B11-83F5-788657373786}.Debug|Any CPU.Build.0 = Debug|Any CPU
		{2F25FBCD-2F16-4B11-83F5-788657373786}.Debug|Any CPU.Deploy.0 = Debug|Any CPU
		{2F25FBCD-2F16-4B11-83F5-788657373786}.Debug|iPhone.ActiveCfg = Debug|Any CPU
		{2F25FBCD-2F16-4B11-83F5-788657373786}.Debug|iPhone.Build.0 = Debug|Any CPU
		{2F25FBCD-2F16-4B11-83F5-788657373786}.Debug|iPhone.Deploy.0 = Debug|Any CPU
		{2F25FBCD-2F16-4B11-83F5-788657373786}.Debug|iPhoneSimulator.ActiveCfg = Debug|Any CPU
		{2F25FBCD-2F16-4B11-83F5-788657373786}.Debug|iPhoneSimulator.Build.0 = Debug|Any CPU
		{2F25FBCD-2F16-4B11-83F5-788657373786}.Debug|iPhoneSimulator.Deploy.0 = Debug|Any CPU
		{2F25FBCD-2F16-4B11-83F5-788657373786}.Release|Any CPU.ActiveCfg = Release|Any CPU
		{2F25FBCD-2F16-4B11-83F5-788657373786}.Release|Any CPU.Build.0 = Release|Any CPU
		{2F25FBCD-2F16-4B11-83F5-788657373786}.Release|Any CPU.Deploy.0 = Release|Any CPU
		{2F25FBCD-2F16-4B11-83F5-788657373786}.Release|iPhone.ActiveCfg = Release|Any CPU
		{2F25FBCD-2F16-4B11-83F5-788657373786}.Release|iPhone.Build.0 = Release|Any CPU
		{2F25FBCD-2F16-4B11-83F5-788657373786}.Release|iPhone.Deploy.0 = Release|Any CPU
		{2F25FBCD-2F16-4B11-83F5-788657373786}.Release|iPhoneSimulator.ActiveCfg = Release|Any CPU
		{2F25FBCD-2F16-4B11-83F5-788657373786}.Release|iPhoneSimulator.Build.0 = Release|Any CPU
		{2F25FBCD-2F16-4B11-83F5-788657373786}.Release|iPhoneSimulator.Deploy.0 = Release|Any CPU
		{A3BF1DCB-51A1-4233-88B5-DFDAE1D8B1D9}.Debug|Any CPU.ActiveCfg = Debug|iPhoneSimulator
		{A3BF1DCB-51A1-4233-88B5-DFDAE1D8B1D9}.Debug|Any CPU.Build.0 = Debug|iPhoneSimulator
		{A3BF1DCB-51A1-4233-88B5-DFDAE1D8B1D9}.Debug|Any CPU.Deploy.0 = Debug|iPhoneSimulator
		{A3BF1DCB-51A1-4233-88B5-DFDAE1D8B1D9}.Debug|iPhone.ActiveCfg = Debug|iPhone
		{A3BF1DCB-51A1-4233-88B5-DFDAE1D8B1D9}.Debug|iPhone.Build.0 = Debug|iPhone
		{A3BF1DCB-51A1-4233-88B5-DFDAE1D8B1D9}.Debug|iPhone.Deploy.0 = Debug|iPhone
		{A3BF1DCB-51A1-4233-88B5-DFDAE1D8B1D9}.Debug|iPhoneSimulator.ActiveCfg = Debug|iPhoneSimulator
		{A3BF1DCB-51A1-4233-88B5-DFDAE1D8B1D9}.Debug|iPhoneSimulator.Build.0 = Debug|iPhoneSimulator
		{A3BF1DCB-51A1-4233-88B5-DFDAE1D8B1D9}.Debug|iPhoneSimulator.Deploy.0 = Debug|iPhoneSimulator
		{A3BF1DCB-51A1-4233-88B5-DFDAE1D8B1D9}.Release|Any CPU.ActiveCfg = Release|iPhone
		{A3BF1DCB-51A1-4233-88B5-DFDAE1D8B1D9}.Release|Any CPU.Build.0 = Release|iPhone
		{A3BF1DCB-51A1-4233-88B5-DFDAE1D8B1D9}.Release|Any CPU.Deploy.0 = Release|iPhone
		{A3BF1DCB-51A1-4233-88B5-DFDAE1D8B1D9}.Release|iPhone.ActiveCfg = Release|iPhone
		{A3BF1DCB-51A1-4233-88B5-DFDAE1D8B1D9}.Release|iPhone.Build.0 = Release|iPhone
		{A3BF1DCB-51A1-4233-88B5-DFDAE1D8B1D9}.Release|iPhone.Deploy.0 = Release|iPhone
		{A3BF1DCB-51A1-4233-88B5-DFDAE1D8B1D9}.Release|iPhoneSimulator.ActiveCfg = Release|iPhoneSimulator
		{A3BF1DCB-51A1-4233-88B5-DFDAE1D8B1D9}.Release|iPhoneSimulator.Build.0 = Release|iPhoneSimulator
		{A3BF1DCB-51A1-4233-88B5-DFDAE1D8B1D9}.Release|iPhoneSimulator.Deploy.0 = Release|iPhoneSimulator
		{34F028BA-35DC-4874-8921-2F8A44B011CA}.Debug|Any CPU.ActiveCfg = Debug|Any CPU
		{34F028BA-35DC-4874-8921-2F8A44B011CA}.Debug|Any CPU.Build.0 = Debug|Any CPU
		{34F028BA-35DC-4874-8921-2F8A44B011CA}.Debug|Any CPU.Deploy.0 = Debug|Any CPU
		{34F028BA-35DC-4874-8921-2F8A44B011CA}.Debug|iPhone.ActiveCfg = Debug|Any CPU
		{34F028BA-35DC-4874-8921-2F8A44B011CA}.Debug|iPhone.Build.0 = Debug|Any CPU
		{34F028BA-35DC-4874-8921-2F8A44B011CA}.Debug|iPhone.Deploy.0 = Debug|Any CPU
		{34F028BA-35DC-4874-8921-2F8A44B011CA}.Debug|iPhoneSimulator.ActiveCfg = Debug|Any CPU
		{34F028BA-35DC-4874-8921-2F8A44B011CA}.Debug|iPhoneSimulator.Build.0 = Debug|Any CPU
		{34F028BA-35DC-4874-8921-2F8A44B011CA}.Debug|iPhoneSimulator.Deploy.0 = Debug|Any CPU
		{34F028BA-35DC-4874-8921-2F8A44B011CA}.Release|Any CPU.ActiveCfg = Release|Any CPU
		{34F028BA-35DC-4874-8921-2F8A44B011CA}.Release|Any CPU.Build.0 = Release|Any CPU
		{34F028BA-35DC-4874-8921-2F8A44B011CA}.Release|Any CPU.Deploy.0 = Release|Any CPU
		{34F028BA-35DC-4874-8921-2F8A44B011CA}.Release|iPhone.ActiveCfg = Release|Any CPU
		{34F028BA-35DC-4874-8921-2F8A44B011CA}.Release|iPhone.Build.0 = Release|Any CPU
		{34F028BA-35DC-4874-8921-2F8A44B011CA}.Release|iPhone.Deploy.0 = Release|Any CPU
		{34F028BA-35DC-4874-8921-2F8A44B011CA}.Release|iPhoneSimulator.ActiveCfg = Release|Any CPU
		{34F028BA-35DC-4874-8921-2F8A44B011CA}.Release|iPhoneSimulator.Build.0 = Release|Any CPU
		{34F028BA-35DC-4874-8921-2F8A44B011CA}.Release|iPhoneSimulator.Deploy.0 = Release|Any CPU
	EndGlobalSection
	GlobalSection(SolutionProperties) = preSolution
		HideSolutionNode = FALSE
	EndGlobalSection
	GlobalSection(ExtensibilityGlobals) = postSolution
		SolutionGuid = {6C03755F-75D1-4FAD-8680-DAA7E61FE3F6}
	EndGlobalSection
EndGlobal
